
Microsoft Visual Studio Solution File, Format Version 12.00
# Visual Studio 15
VisualStudioVersion = 15.0.27703.2042
MinimumVisualStudioVersion = 10.0.40219.1
Project("{FAE04EC0-301F-11D3-BF4B-00C04F79EFBC}") = "UploadImageToCloudinary", "UploadImageToCloudinary\UploadImageToCloudinary.csproj", "{638EF408-BA03-43C0-8E73-68F97126BC40}"
EndProject
Global
	GlobalSection(SolutionConfigurationPlatforms) = preSolution
		Debug|Any CPU = Debug|Any CPU
		Release|Any CPU = Release|Any CPU
	EndGlobalSection
	GlobalSection(ProjectConfigurationPlatforms) = postSolution
		{638EF408-BA03-43C0-8E73-68F97126BC40}.Debug|Any CPU.ActiveCfg = Debug|Any CPU
		{638EF408-BA03-43C0-8E73-68F97126BC40}.Debug|Any CPU.Build.0 = Debug|Any CPU
		{638EF408-BA03-43C0-8E73-68F97126BC40}.Release|Any CPU.ActiveCfg = Release|Any CPU
		{638EF408-BA03-43C0-8E73-68F97126BC40}.Release|Any CPU.Build.0 = Release|Any CPU
	EndGlobalSection
	GlobalSection(SolutionProperties) = preSolution
		HideSolutionNode = FALSE
	EndGlobalSection
	GlobalSection(ExtensibilityGlobals) = postSolution
		SolutionGuid = {A91F6DB5-286A-42DB-B3C5-C782A9DFBF59}
	EndGlobalSection
EndGlobal
